{
  "ratified": {
    "by": "gitdek",
    "at": "2026-09-27T03:54:14Z",
    "issue": 9,
    "comment": "https://github.com/gitdek/invariant/issues/9#issuecomment-5852434500",
    "proposal": "sha256:11bff3f218d7d1da4c6257c6b6c7f4ca28f0767837087176c97619e7b4445a20"
  },
  "bounds": {
    "Actors": "{alice, mallory, invbot}",
    "Bots": "{invbot}",
    "Heads": "{h1, h2}",
    "NoActor": "NoActor",
    "NoHead": "NoHead",
    "NoP": "NoP",
    "Proposals": "{p1, p2}",
    "Questions": "{f1, f2}",
    "Writers": "{alice, invbot}"
  },
  "statements": [
    {
      "name": "Spec",
      "kind": "spec",
      "says": "The factory starts with no post on the issue, and every step is a Next step.",
      "sha256": "sha256:2fef4b30b56b7cb7a6b564b11088cb5d1a993edf9983e1b5a95b30604504e2b7"
    },
    {
      "name": "TypeOK",
      "kind": "invariant",
      "says": "The issue's state is always one of the ten kinds of post, and everything else the factory knows has its expected type.",
      "sha256": "sha256:abaa60151e62da4eeb1aa6a1124afdd9d21338b76fe51f13e056fc1ed6c6e9d9"
    },
    {
      "name": "OnlyDirectorsDirect",
      "kind": "invariant",
      "says": "Every command the factory acted on came from a person with write access, never from anyone else or from a bot.",
      "sha256": "sha256:0238f6f0b4a1ec8e175e5803f80bf9419f161f2e722e97691ff5e712764a4925"
    },
    {
      "name": "RatifiesCurrentProposal",
      "kind": "invariant",
      "says": "Whenever something is ratified, built or merged, it is the current proposal.",
      "sha256": "sha256:5d3c9184f121258a2e8bd549926d4bb105ea0a810ec298dcb42e4a0cbbc3da7b"
    },
    {
      "name": "NoOpenQuestionsWhenRatified",
      "kind": "invariant",
      "says": "Nothing is ratified while a question is still open.",
      "sha256": "sha256:65a6e5c02b8a56b5c286aafe5caee5a6fe1b274e19efe7969bd51686221204f9"
    },
    {
      "name": "AmendsHeldLock",
      "kind": "invariant",
      "says": "A proposal is ratified only while the base branch holds the lock it amends.",
      "sha256": "sha256:54ee8e8c46536a1e4114c83f8c5c769a290e3bf205b08cad3b8a40ea63995c68"
    },
    {
      "name": "MergedGatePassed",
      "kind": "invariant",
      "says": "When the factory merges, CI's gate passed on the commit it merged.",
      "sha256": "sha256:50298b03a54a6477a520c5e69d5f00143e79df3f0f97c9e11a809f47beff7e89"
    },
    {
      "name": "MergedCurrentHead",
      "kind": "invariant",
      "says": "When the factory merges, the commit it merged is the pull request's current head.",
      "sha256": "sha256:c0e18793d17540760d7081d0201de32f7f3766a82e064613599e4aa88ee1c64e"
    },
    {
      "name": "MergedOneProject",
      "kind": "invariant",
      "says": "When the factory merges, the pull request changes only its one project.",
      "sha256": "sha256:21a83dfeda7606659eddade066d3c21b3af143458d87a1c425dc87fd3182ed67"
    },
    {
      "name": "MergedLockRatified",
      "kind": "invariant",
      "says": "When the factory merges, the project's lock is exactly the ratified proposal.",
      "sha256": "sha256:423e4e80eb0d0c0d54d5827b051ef28b3811054b5fe580c70731fe6eeb04f8ef"
    },
    {
      "name": "QuestionsAsked",
      "kind": "witness",
      "says": "The factory can ask questions.",
      "sha256": "sha256:1adfe0964c0c7b18e37d78c490e26e6040036c8af405f0c2a601f22621338e71"
    },
    {
      "name": "GotStuck",
      "kind": "witness",
      "says": "The factory can get stuck.",
      "sha256": "sha256:5f231a2c4975253ba07381d687137dcc63c3da6db14478068458b8bf1c337f67"
    },
    {
      "name": "FoundUnsupported",
      "kind": "witness",
      "says": "The factory can find an issue unsupported.",
      "sha256": "sha256:b78346b198d44eb9cccfa768b4c3185c566c70b622c1652150cebdc12c1027eb"
    },
    {
      "name": "PullRequestFailed",
      "kind": "witness",
      "says": "A pull request can fail CI's gate.",
      "sha256": "sha256:1743b153e13eaa60c8ac0c6ff3d0094b23871d71cf5afa41007dc9b531fb5155"
    },
    {
      "name": "OthersClosed",
      "kind": "witness",
      "says": "Someone else can close the pull request.",
      "sha256": "sha256:798e5eff277701c2cc8959d37a8b781d96b080fe16f8a07f580a97642d737c95"
    },
    {
      "name": "OthersMerged",
      "kind": "witness",
      "says": "Someone else can merge the pull request.",
      "sha256": "sha256:c0a472dff91cdc603bd9c8f6b809814fbfe2687bcac6784f653a18f87fcf3f40"
    },
    {
      "name": "FactoryMerges",
      "kind": "witness",
      "says": "The factory can merge its pull request.",
      "sha256": "sha256:b2b6899909ca1918cdc814903791cccf95779a14de8a1730290a82a728ce33e9"
    },
    {
      "name": "AmendmentMerges",
      "kind": "witness",
      "says": "The factory can merge an amendment to an existing lock.",
      "sha256": "sha256:1636cbb592bfbe1483435fd9025d1a9bc6a32a99cf36cf14fea8a16a83bef4c8"
    },
    {
      "name": "ObeyAnyone",
      "kind": "bug",
      "says": "A bot or someone without write access gets the factory to take the issue.",
      "expect": "OnlyDirectorsDirect",
      "sha256": "sha256:c0fbe091afc0deb2c2fc33468f1499c0bc54fa533387d1b6ab714a056a9bc017"
    },
    {
      "name": "RatifyEarlier",
      "kind": "bug",
      "says": "A ratify naming an earlier proposal's hash is accepted.",
      "expect": "RatifiesCurrentProposal",
      "sha256": "sha256:9ff58a46a9acb9361cd35b4cb89b14716e4535e80c6fb52416f7dc45281f833f"
    },
    {
      "name": "RatifyOverMovedLock",
      "kind": "bug",
      "says": "An amendment is ratified after the base branch's lock has moved.",
      "expect": "AmendsHeldLock",
      "sha256": "sha256:f54de8f94f1216a8d6292dc3545be21e54fc0082df3326a7500cdcf32dda72b4"
    },
    {
      "name": "MergeOnAnyPass",
      "kind": "bug",
      "says": "The factory merges a commit that passed CI even though it is no longer the pull request's head.",
      "expect": "MergedCurrentHead",
      "sha256": "sha256:84b79da428c0b8cc6fbfd57eb2be2ae8a02b0c2c2d662927aab1e9e34ea16294"
    },
    {
      "name": "MergeIgnoringLock",
      "kind": "bug",
      "says": "The factory merges without checking that the project's lock is the ratified proposal.",
      "expect": "MergedLockRatified",
      "sha256": "sha256:f1bc8fb79f340eb013428cdb880b05c2c85d706f88832e400d6198a1c9224d28"
    }
  ]
}
